{
  "name": "dsfr-icons",
  "version": "0.1.0",
  "lockfileVersion": 3,
  "requires": true,
  "packages": {
    "": {
      "name": "dsfr-icons",
      "version": "0.1.0",
      "devDependencies": {
        "@gouvfr/dsfr": "1.14.4"
      }
    },
    "node_modules/@gouvfr/dsfr": {
      "version": "1.14.4",
      "resolved": "https://registry.npmjs.org/@gouvfr/dsfr/-/dsfr-1.14.4.tgz",
      "integrity": "sha512-Ca17apmTyAF2tMFwMcLwQN7fTlbfMFeyYSLUIUmjoSg1XVF4vDDkbvvKBpWJWaoTLDSFZBbvvHzcDyxw9wSkLA==",
      "dev": true,
      "license": "SEE LICENSE IN LICENSE.md",
      "engines": {
        "node": "^20.19.0 || ^22.12.0 || >=24.0.0"
      }
    }
  }
}
